
Microsoft Visual Studio Solution File, Format Version 12.00
# Visual Studio Version 17
VisualStudioVersion = 17.10.35122.118
MinimumVisualStudioVersion = 10.0.40219.1
Project("{8BC9CEB8-8B4A-11D0-8D11-00A0C91BC942}") = "Tutorial 1", "MyFirstApplication\MyFirstApplication.vcxproj", "{6BEB0CEE-8190-4A1D-B233-A6447BFEBFF1}"
EndProject
Project("{8BC9CEB8-8B4A-11D0-8D11-00A0C91BC942}") = "BeNiceToDan", "BeNiceToDan\BeNiceToDan.vcxproj", "{2D56268A-4DD8-4182-B84C-1235AFB081F6}"
EndProject
Project("{8BC9CEB8-8B4A-11D0-8D11-00A0C91BC942}") = "Tutorial 2 - Data, Statements & Variables", "Tutorial 2 - Data, Statements & Variables\Tutorial 2 - Data, Statements & Variables.vcxproj", "{04A7C481-1DD3-4CAD-86F4-02FF63D15CA7}"
EndProject
Project("{8BC9CEB8-8B4A-11D0-8D11-00A0C91BC942}") = "Salary Calculator", "Salary Calculator\Salary Calculator.vcxproj", "{4FE8CBC6-FA07-416D-A8F2-918B4EB53028}"
EndProject
Project("{8BC9CEB8-8B4A-11D0-8D11-00A0C91BC942}") = "Tutorial 3 - Conditions", "Tutorial 3 - Conditions\Tutorial 3 - Conditions.vcxproj", "{48777A80-2CF1-4DF6-A0B0-0D0403FC47C4}"
EndProject
Project("{8BC9CEB8-8B4A-11D0-8D11-00A0C91BC942}") = "Tutorial 4 - Loops", "Tutorial 4 - Loops\Tutorial 4 - Loops.vcxproj", "{5D4258EA-AE50-4C65-B3E3-14F110F3B7F8}"
EndProject
Project("{8BC9CEB8-8B4A-11D0-8D11-00A0C91BC942}") = "Tutorial 5 - Function", "Tutorial 5 - Function\Tutorial 5 - Function.vcxproj", "{5177388D-A53E-493C-A521-67B0BA1F3883}"
EndProject
Project("{8BC9CEB8-8B4A-11D0-8D11-00A0C91BC942}") = "Tutorial 6 - Preprocessor and user-defined types", "Tutorial 6 - Preprocessor and user-defined types\Tutorial 6 - Preprocessor and user-defined types.vcxproj", "{98818FFB-0DE7-4EB0-B652-932477EE41AE}"
EndProject
Project("{8BC9CEB8-8B4A-11D0-8D11-00A0C91BC942}") = "Tutorial 7 - Arrays", "Tutorial 7 - Arrays\Tutorial 7 - Arrays.vcxproj", "{B5D50E16-C66C-4650-8935-0001EBA2BBC6}"
EndProject
Global
	GlobalSection(SolutionConfigurationPlatforms) = preSolution
		Debug|x64 = Debug|x64
		Debug|x86 = Debug|x86
		Release|x64 = Release|x64
		Release|x86 = Release|x86
	EndGlobalSection
	GlobalSection(ProjectConfigurationPlatforms) = postSolution
		{6BEB0CEE-8190-4A1D-B233-A6447BFEBFF1}.Debug|x64.ActiveCfg = Debug|x64
		{6BEB0CEE-8190-4A1D-B233-A6447BFEBFF1}.Debug|x64.Build.0 = Debug|x64
		{6BEB0CEE-8190-4A1D-B233-A6447BFEBFF1}.Debug|x86.ActiveCfg = Debug|Win32
		{6BEB0CEE-8190-4A1D-B233-A6447BFEBFF1}.Debug|x86.Build.0 = Debug|Win32
		{6BEB0CEE-8190-4A1D-B233-A6447BFEBFF1}.Release|x64.ActiveCfg = Release|x64
		{6BEB0CEE-8190-4A1D-B233-A6447BFEBFF1}.Release|x64.Build.0 = Release|x64
		{6BEB0CEE-8190-4A1D-B233-A6447BFEBFF1}.Release|x86.ActiveCfg = Release|Win32
		{6BEB0CEE-8190-4A1D-B233-A6447BFEBFF1}.Release|x86.Build.0 = Release|Win32
		{2D56268A-4DD8-4182-B84C-1235AFB081F6}.Debug|x64.ActiveCfg = Debug|x64
		{2D56268A-4DD8-4182-B84C-1235AFB081F6}.Debug|x64.Build.0 = Debug|x64
		{2D56268A-4DD8-4182-B84C-1235AFB081F6}.Debug|x86.ActiveCfg = Debug|Win32
		{2D56268A-4DD8-4182-B84C-1235AFB081F6}.Debug|x86.Build.0 = Debug|Win32
		{2D56268A-4DD8-4182-B84C-1235AFB081F6}.Release|x64.ActiveCfg = Release|x64
		{2D56268A-4DD8-4182-B84C-1235AFB081F6}.Release|x64.Build.0 = Release|x64
		{2D56268A-4DD8-4182-B84C-1235AFB081F6}.Release|x86.ActiveCfg = Release|Win32
		{2D56268A-4DD8-4182-B84C-1235AFB081F6}.Release|x86.Build.0 = Release|Win32
		{04A7C481-1DD3-4CAD-86F4-02FF63D15CA7}.Debug|x64.ActiveCfg = Debug|x64
		{04A7C481-1DD3-4CAD-86F4-02FF63D15CA7}.Debug|x64.Build.0 = Debug|x64
		{04A7C481-1DD3-4CAD-86F4-02FF63D15CA7}.Debug|x86.ActiveCfg = Debug|Win32
		{04A7C481-1DD3-4CAD-86F4-02FF63D15CA7}.Debug|x86.Build.0 = Debug|Win32
		{04A7C481-1DD3-4CAD-86F4-02FF63D15CA7}.Release|x64.ActiveCfg = Release|x64
		{04A7C481-1DD3-4CAD-86F4-02FF63D15CA7}.Release|x64.Build.0 = Release|x64
		{04A7C481-1DD3-4CAD-86F4-02FF63D15CA7}.Release|x86.ActiveCfg = Release|Win32
		{04A7C481-1DD3-4CAD-86F4-02FF63D15CA7}.Release|x86.Build.0 = Release|Win32
		{4FE8CBC6-FA07-416D-A8F2-918B4EB53028}.Debug|x64.ActiveCfg = Debug|x64
		{4FE8CBC6-FA07-416D-A8F2-918B4EB53028}.Debug|x64.Build.0 = Debug|x64
		{4FE8CBC6-FA07-416D-A8F2-918B4EB53028}.Debug|x86.ActiveCfg = Debug|Win32
		{4FE8CBC6-FA07-416D-A8F2-918B4EB53028}.Debug|x86.Build.0 = Debug|Win32
		{4FE8CBC6-FA07-416D-A8F2-918B4EB53028}.Release|x64.ActiveCfg = Release|x64
		{4FE8CBC6-FA07-416D-A8F2-918B4EB53028}.Release|x64.Build.0 = Release|x64
		{4FE8CBC6-FA07-416D-A8F2-918B4EB53028}.Release|x86.ActiveCfg = Release|Win32
		{4FE8CBC6-FA07-416D-A8F2-918B4EB53028}.Release|x86.Build.0 = Release|Win32
		{48777A80-2CF1-4DF6-A0B0-0D0403FC47C4}.Debug|x64.ActiveCfg = Debug|x64
		{48777A80-2CF1-4DF6-A0B0-0D0403FC47C4}.Debug|x64.Build.0 = Debug|x64
		{48777A80-2CF1-4DF6-A0B0-0D0403FC47C4}.Debug|x86.ActiveCfg = Debug|Win32
		{48777A80-2CF1-4DF6-A0B0-0D0403FC47C4}.Debug|x86.Build.0 = Debug|Win32
		{48777A80-2CF1-4DF6-A0B0-0D0403FC47C4}.Release|x64.ActiveCfg = Release|x64
		{48777A80-2CF1-4DF6-A0B0-0D0403FC47C4}.Release|x64.Build.0 = Release|x64
		{48777A80-2CF1-4DF6-A0B0-0D0403FC47C4}.Release|x86.ActiveCfg = Release|Win32
		{48777A80-2CF1-4DF6-A0B0-0D0403FC47C4}.Release|x86.Build.0 = Release|Win32
		{5D4258EA-AE50-4C65-B3E3-14F110F3B7F8}.Debug|x64.ActiveCfg = Debug|x64
		{5D4258EA-AE50-4C65-B3E3-14F110F3B7F8}.Debug|x64.Build.0 = Debug|x64
		{5D4258EA-AE50-4C65-B3E3-14F110F3B7F8}.Debug|x86.ActiveCfg = Debug|Win32
		{5D4258EA-AE50-4C65-B3E3-14F110F3B7F8}.Debug|x86.Build.0 = Debug|Win32
		{5D4258EA-AE50-4C65-B3E3-14F110F3B7F8}.Release|x64.ActiveCfg = Release|x64
		{5D4258EA-AE50-4C65-B3E3-14F110F3B7F8}.Release|x64.Build.0 = Release|x64
		{5D4258EA-AE50-4C65-B3E3-14F110F3B7F8}.Release|x86.ActiveCfg = Release|Win32
		{5D4258EA-AE50-4C65-B3E3-14F110F3B7F8}.Release|x86.Build.0 = Release|Win32
		{5177388D-A53E-493C-A521-67B0BA1F3883}.Debug|x64.ActiveCfg = Debug|x64
		{5177388D-A53E-493C-A521-67B0BA1F3883}.Debug|x64.Build.0 = Debug|x64
		{5177388D-A53E-493C-A521-67B0BA1F3883}.Debug|x86.ActiveCfg = Debug|Win32
		{5177388D-A53E-493C-A521-67B0BA1F3883}.Debug|x86.Build.0 = Debug|Win32
		{5177388D-A53E-493C-A521-67B0BA1F3883}.Release|x64.ActiveCfg = Release|x64
		{5177388D-A53E-493C-A521-67B0BA1F3883}.Release|x64.Build.0 = Release|x64
		{5177388D-A53E-493C-A521-67B0BA1F3883}.Release|x86.ActiveCfg = Release|Win32
		{5177388D-A53E-493C-A521-67B0BA1F3883}.Release|x86.Build.0 = Release|Win32
		{98818FFB-0DE7-4EB0-B652-932477EE41AE}.Debug|x64.ActiveCfg = Debug|x64
		{98818FFB-0DE7-4EB0-B652-932477EE41AE}.Debug|x64.Build.0 = Debug|x64
		{98818FFB-0DE7-4EB0-B652-932477EE41AE}.Debug|x86.ActiveCfg = Debug|Win32
		{98818FFB-0DE7-4EB0-B652-932477EE41AE}.Debug|x86.Build.0 = Debug|Win32
		{98818FFB-0DE7-4EB0-B652-932477EE41AE}.Release|x64.ActiveCfg = Release|x64
		{98818FFB-0DE7-4EB0-B652-932477EE41AE}.Release|x64.Build.0 = Release|x64
		{98818FFB-0DE7-4EB0-B652-932477EE41AE}.Release|x86.ActiveCfg = Release|Win32
		{98818FFB-0DE7-4EB0-B652-932477EE41AE}.Release|x86.Build.0 = Release|Win32
		{B5D50E16-C66C-4650-8935-0001EBA2BBC6}.Debug|x64.ActiveCfg = Debug|x64
		{B5D50E16-C66C-4650-8935-0001EBA2BBC6}.Debug|x64.Build.0 = Debug|x64
		{B5D50E16-C66C-4650-8935-0001EBA2BBC6}.Debug|x86.ActiveCfg = Debug|Win32
		{B5D50E16-C66C-4650-8935-0001EBA2BBC6}.Debug|x86.Build.0 = Debug|Win32
		{B5D50E16-C66C-4650-8935-0001EBA2BBC6}.Release|x64.ActiveCfg = Release|x64
		{B5D50E16-C66C-4650-8935-0001EBA2BBC6}.Release|x64.Build.0 = Release|x64
		{B5D50E16-C66C-4650-8935-0001EBA2BBC6}.Release|x86.ActiveCfg = Release|Win32
		{B5D50E16-C66C-4650-8935-0001EBA2BBC6}.Release|x86.Build.0 = Release|Win32
	EndGlobalSection
	GlobalSection(SolutionProperties) = preSolution
		HideSolutionNode = FALSE
	EndGlobalSection
	GlobalSection(ExtensibilityGlobals) = postSolution
		SolutionGuid = {24444541-FFC1-4BE8-8B97-8E571C412821}
	EndGlobalSection
EndGlobal
